// !$*UTF8*$!
{
	archiveVersion = 1;
	classes = {
	};
	objectVersion = 56;
	objects = {

/* Begin PBXBuildFile section */
		FCD2F7B92D3F6F8A0085C39D /* Poppins-Black.ttf in Resources */ = {isa = PBXBuildFile; fileRef = FCD2F7AC2D3F6F8A0085C39D /* Poppins-Black.ttf */; };
		FCD2F7BA2D3F6F8A0085C39D /* Poppins-Bold.ttf in Resources */ = {isa = PBXBuildFile; fileRef = FCD2F7AD2D3F6F8A0085C39D /* Poppins-Bold.ttf */; };
		FCD2F7BB2D3F6F8A0085C39D /* Poppins-BoldItalic.ttf in Resources */ = {isa = PBXBuildFile; fileRef = FCD2F7AE2D3F6F8A0085C39D /* Poppins-BoldItalic.ttf */; };
		FCD2F7BC2D3F6F8A0085C39D /* Poppins-ExtraBold.ttf in Resources */ = {isa = PBXBuildFile; fileRef = FCD2F7AF2D3F6F8A0085C39D /* Poppins-ExtraBold.ttf */; };
		FCD2F7BD2D3F6F8A0085C39D /* Poppins-ExtraLight.ttf in Resources */ = {isa = PBXBuildFile; fileRef = FCD2F7B02D3F6F8A0085C39D /* Poppins-ExtraLight.ttf */; };
		FCD2F7BE2D3F6F8A0085C39D /* Poppins-ExtraLightItalic.ttf in Resources */ = {isa = PBXBuildFile; fileRef = FCD2F7B12D3F6F8A0085C39D /* Poppins-ExtraLightItalic.ttf */; };
		FCD2F7BF2D3F6F8A0085C39D /* Poppins-Italic.ttf in Resources */ = {isa = PBXBuildFile; fileRef = FCD2F7B22D3F6F8A0085C39D /* Poppins-Italic.ttf */; };
		FCD2F7C02D3F6F8A0085C39D /* Poppins-Light.ttf in Resources */ = {isa = PBXBuildFile; fileRef = FCD2F7B32D3F6F8A0085C39D /* Poppins-Light.ttf */; };
		FCD2F7C12D3F6F8A0085C39D /* Poppins-Medium.ttf in Resources */ = {isa = PBXBuildFile; fileRef = FCD2F7B42D3F6F8A0085C39D /* Poppins-Medium.ttf */; };
		FCD2F7C22D3F6F8A0085C39D /* Poppins-Regular.ttf in Resources */ = {isa = PBXBuildFile; fileRef = FCD2F7B52D3F6F8A0085C39D /* Poppins-Regular.ttf */; };
		FCD2F7C32D3F6F8A0085C39D /* Poppins-SemiBold.ttf in Resources */ = {isa = PBXBuildFile; fileRef = FCD2F7B62D3F6F8A0085C39D /* Poppins-SemiBold.ttf */; };
		FCD2F7C42D3F6F8A0085C39D /* Roboto-Medium.ttf in Resources */ = {isa = PBXBuildFile; fileRef = FCD2F7B72D3F6F8A0085C39D /* Roboto-Medium.ttf */; };
		FCD2F7C92D3F75D10085C39D /* CustomFont.swift in Sources */ = {isa = PBXBuildFile; fileRef = FCD2F7C82D3F75D10085C39D /* CustomFont.swift */; };
		FCD2F7CC2D3F7E040085C39D /* Color+Extension.swift in Sources */ = {isa = PBXBuildFile; fileRef = FCD2F7CB2D3F7E040085C39D /* Color+Extension.swift */; };
		FCDC5E272D3BCDAC007061F2 /* Weather_AppApp.swift in Sources */ = {isa = PBXBuildFile; fileRef = FCDC5E262D3BCDAC007061F2 /* Weather_AppApp.swift */; };
		FCDC5E292D3BCDAC007061F2 /* HomeView.swift in Sources */ = {isa = PBXBuildFile; fileRef = FCDC5E282D3BCDAC007061F2 /* HomeView.swift */; };
		FCDC5E2D2D3BCDAD007061F2 /* Assets.xcassets in Resources */ = {isa = PBXBuildFile; fileRef = FCDC5E2C2D3BCDAD007061F2 /* Assets.xcassets */; };
		FCDC5E302D3BCDAD007061F2 /* Preview Assets.xcassets in Resources */ = {isa = PBXBuildFile; fileRef = FCDC5E2F2D3BCDAD007061F2 /* Preview Assets.xcassets */; };
		FCDC5E3A2D3BCDAD007061F2 /* Weather_AppTests.swift in Sources */ = {isa = PBXBuildFile; fileRef = FCDC5E392D3BCDAD007061F2 /* Weather_AppTests.swift */; };
		FCDC5E442D3BCDAD007061F2 /* Weather_AppUITests.swift in Sources */ = {isa = PBXBuildFile; fileRef = FCDC5E432D3BCDAD007061F2 /* Weather_AppUITests.swift */; };
		FCDC5E462D3BCDAD007061F2 /* Weather_AppUITestsLaunchTests.swift in Sources */ = {isa = PBXBuildFile; fileRef = FCDC5E452D3BCDAD007061F2 /* Weather_AppUITestsLaunchTests.swift */; };
		FCDC5E532D3BE451007061F2 /* DetailView.swift in Sources */ = {isa = PBXBuildFile; fileRef = FCDC5E522D3BE451007061F2 /* DetailView.swift */; };
		FCDF48852D3D395C00A70CAC /* Weather.swift in Sources */ = {isa = PBXBuildFile; fileRef = FCDF48842D3D395C00A70CAC /* Weather.swift */; };
		FCDF48882D3D397F00A70CAC /* WeatherService.swift in Sources */ = {isa = PBXBuildFile; fileRef = FCDF48872D3D397F00A70CAC /* WeatherService.swift */; };
		FCDF488B2D3D39C400A70CAC /* WeatherViewModel.swift in Sources */ = {isa = PBXBuildFile; fileRef = FCDF488A2D3D39C400A70CAC /* WeatherViewModel.swift */; };
		FCDF488D2D3D39E500A70CAC /* StorageService.swift in Sources */ = {isa = PBXBuildFile; fileRef = FCDF488C2D3D39E500A70CAC /* StorageService.swift */; };
/* End PBXBuildFile section */

/* Begin PBXContainerItemProxy section */
		FCDC5E362D3BCDAD007061F2 /* PBXContainerItemProxy */ = {
			isa = PBXContainerItemProxy;
			containerPortal = FCDC5E1B2D3BCDAC007061F2 /* Project object */;
			proxyType = 1;
			remoteGlobalIDString = FCDC5E222D3BCDAC007061F2;
			remoteInfo = "Weather App";
		};
		FCDC5E402D3BCDAD007061F2 /* PBXContainerItemProxy */ = {
			isa = PBXContainerItemProxy;
			containerPortal = FCDC5E1B2D3BCDAC007061F2 /* Project object */;
			proxyType = 1;
			remoteGlobalIDString = FCDC5E222D3BCDAC007061F2;
			remoteInfo = "Weather App";
		};
/* End PBXContainerItemProxy section */

/* Begin PBXFileReference section */
		FCD2F7AC2D3F6F8A0085C39D /* Poppins-Black.ttf */ = {isa = PBXFileReference; lastKnownFileType = file; path = "Poppins-Black.ttf"; sourceTree = "<group>"; };
		FCD2F7AD2D3F6F8A0085C39D /* Poppins-Bold.ttf */ = {isa = PBXFileReference; lastKnownFileType = file; path = "Poppins-Bold.ttf"; sourceTree = "<group>"; };
		FCD2F7AE2D3F6F8A0085C39D /* Poppins-BoldItalic.ttf */ = {isa = PBXFileReference; lastKnownFileType = file; path = "Poppins-BoldItalic.ttf"; sourceTree = "<group>"; };
		FCD2F7AF2D3F6F8A0085C39D /* Poppins-ExtraBold.ttf */ = {isa = PBXFileReference; lastKnownFileType = file; path = "Poppins-ExtraBold.ttf"; sourceTree = "<group>"; };
		FCD2F7B02D3F6F8A0085C39D /* Poppins-ExtraLight.ttf */ = {isa = PBXFileReference; lastKnownFileType = file; path = "Poppins-ExtraLight.ttf"; sourceTree = "<group>"; };
		FCD2F7B12D3F6F8A0085C39D /* Poppins-ExtraLightItalic.ttf */ = {isa = PBXFileReference; lastKnownFileType = file; path = "Poppins-ExtraLightItalic.ttf"; sourceTree = "<group>"; };
		FCD2F7B22D3F6F8A0085C39D /* Poppins-Italic.ttf */ = {isa = PBXFileReference; lastKnownFileType = file; path = "Poppins-Italic.ttf"; sourceTree = "<group>"; };
		FCD2F7B32D3F6F8A0085C39D /* Poppins-Light.ttf */ = {isa = PBXFileReference; lastKnownFileType = file; path = "Poppins-Light.ttf"; sourceTree = "<group>"; };
		FCD2F7B42D3F6F8A0085C39D /* Poppins-Medium.ttf */ = {isa = PBXFileReference; lastKnownFileType = file; path = "Poppins-Medium.ttf"; sourceTree = "<group>"; };
		FCD2F7B52D3F6F8A0085C39D /* Poppins-Regular.ttf */ = {isa = PBXFileReference; lastKnownFileType = file; path = "Poppins-Regular.ttf"; sourceTree = "<group>"; };
		FCD2F7B62D3F6F8A0085C39D /* Poppins-SemiBold.ttf */ = {isa = PBXFileReference; lastKnownFileType = file; path = "Poppins-SemiBold.ttf"; sourceTree = "<group>"; };
		FCD2F7B72D3F6F8A0085C39D /* Roboto-Medium.ttf */ = {isa = PBXFileReference; lastKnownFileType = file; path = "Roboto-Medium.ttf"; sourceTree = "<group>"; };
		FCD2F7C82D3F75D10085C39D /* CustomFont.swift */ = {isa = PBXFileReference; lastKnownFileType = sourcecode.swift; path = CustomFont.swift; sourceTree = "<group>"; };
		FCD2F7CB2D3F7E040085C39D /* Color+Extension.swift */ = {isa = PBXFileReference; lastKnownFileType = sourcecode.swift; path = "Color+Extension.swift"; sourceTree = "<group>"; };
		FCDC5E232D3BCDAC007061F2 /* Weather App.app */ = {isa = PBXFileReference; explicitFileType = wrapper.application; includeInIndex = 0; path = "Weather App.app"; sourceTree = BUILT_PRODUCTS_DIR; };
		FCDC5E262D3BCDAC007061F2 /* Weather_AppApp.swift */ = {isa = PBXFileReference; lastKnownFileType = sourcecode.swift; path = Weather_AppApp.swift; sourceTree = "<group>"; };
		FCDC5E282D3BCDAC007061F2 /* HomeView.swift */ = {isa = PBXFileReference; lastKnownFileType = sourcecode.swift; path = HomeView.swift; sourceTree = "<group>"; };
		FCDC5E2C2D3BCDAD007061F2 /* Assets.xcassets */ = {isa = PBXFileReference; lastKnownFileType = folder.assetcatalog; path = Assets.xcassets; sourceTree = "<group>"; };
		FCDC5E2F2D3BCDAD007061F2 /* Preview Assets.xcassets */ = {isa = PBXFileReference; lastKnownFileType = folder.assetcatalog; path = "Preview Assets.xcassets"; sourceTree = "<group>"; };
		FCDC5E352D3BCDAD007061F2 /* Weather AppTests.xctest */ = {isa = PBXFileReference; explicitFileType = wrapper.cfbundle; includeInIndex = 0; path = "Weather AppTests.xctest"; sourceTree = BUILT_PRODUCTS_DIR; };
		FCDC5E392D3BCDAD007061F2 /* Weather_AppTests.swift */ = {isa = PBXFileReference; lastKnownFileType = sourcecode.swift; path = Weather_AppTests.swift; sourceTree = "<group>"; };
		FCDC5E3F2D3BCDAD007061F2 /* Weather AppUITests.xctest */ = {isa = PBXFileReference; explicitFileType = wrapper.cfbundle; includeInIndex = 0; path = "Weather AppUITests.xctest"; sourceTree = BUILT_PRODUCTS_DIR; };
		FCDC5E432D3BCDAD007061F2 /* Weather_AppUITests.swift */ = {isa = PBXFileReference; lastKnownFileType = sourcecode.swift; path = Weather_AppUITests.swift; sourceTree = "<group>"; };
		FCDC5E452D3BCDAD007061F2 /* Weather_AppUITestsLaunchTests.swift */ = {isa = PBXFileReference; lastKnownFileType = sourcecode.swift; path = Weather_AppUITestsLaunchTests.swift; sourceTree = "<group>"; };
		FCDC5E522D3BE451007061F2 /* DetailView.swift */ = {isa = PBXFileReference; lastKnownFileType = sourcecode.swift; path = DetailView.swift; sourceTree = "<group>"; };
		FCDF48842D3D395C00A70CAC /* Weather.swift */ = {isa = PBXFileReference; lastKnownFileType = sourcecode.swift; path = Weather.swift; sourceTree = "<group>"; };
		FCDF48872D3D397F00A70CAC /* WeatherService.swift */ = {isa = PBXFileReference; lastKnownFileType = sourcecode.swift; path = WeatherService.swift; sourceTree = "<group>"; };
		FCDF488A2D3D39C400A70CAC /* WeatherViewModel.swift */ = {isa = PBXFileReference; lastKnownFileType = sourcecode.swift; path = WeatherViewModel.swift; sourceTree = "<group>"; };
		FCDF488C2D3D39E500A70CAC /* StorageService.swift */ = {isa = PBXFileReference; lastKnownFileType = sourcecode.swift; path = StorageService.swift; sourceTree = "<group>"; };
		FCDF488E2D3D436900A70CAC /* Weather-App-Info.plist */ = {isa = PBXFileReference; lastKnownFileType = text.plist; path = "Weather-App-Info.plist"; sourceTree = SOURCE_ROOT; };
/* End PBXFileReference section */

/* Begin PBXFrameworksBuildPhase section */
		FCDC5E202D3BCDAC007061F2 /* Frameworks */ = {
			isa = PBXFrameworksBuildPhase;
			buildActionMask = 2147483647;
			files = (
			);
			runOnlyForDeploymentPostprocessing = 0;
		};
		FCDC5E322D3BCDAD007061F2 /* Frameworks */ = {
			isa = PBXFrameworksBuildPhase;
			buildActionMask = 2147483647;
			files = (
			);
			runOnlyForDeploymentPostprocessing = 0;
		};
		FCDC5E3C2D3BCDAD007061F2 /* Frameworks */ = {
			isa = PBXFrameworksBuildPhase;
			buildActionMask = 2147483647;
			files = (
			);
			runOnlyForDeploymentPostprocessing = 0;
		};
/* End PBXFrameworksBuildPhase section */

/* Begin PBXGroup section */
		FCD2F7B82D3F6F8A0085C39D /* fonts */ = {
			isa = PBXGroup;
			children = (
				FCD2F7AC2D3F6F8A0085C39D /* Poppins-Black.ttf */,
				FCD2F7AD2D3F6F8A0085C39D /* Poppins-Bold.ttf */,
				FCD2F7AE2D3F6F8A0085C39D /* Poppins-BoldItalic.ttf */,
				FCD2F7AF2D3F6F8A0085C39D /* Poppins-ExtraBold.ttf */,
				FCD2F7B02D3F6F8A0085C39D /* Poppins-ExtraLight.ttf */,
				FCD2F7B12D3F6F8A0085C39D /* Poppins-ExtraLightItalic.ttf */,
				FCD2F7B22D3F6F8A0085C39D /* Poppins-Italic.ttf */,
				FCD2F7B32D3F6F8A0085C39D /* Poppins-Light.ttf */,
				FCD2F7B42D3F6F8A0085C39D /* Poppins-Medium.ttf */,
				FCD2F7B52D3F6F8A0085C39D /* Poppins-Regular.ttf */,
				FCD2F7B62D3F6F8A0085C39D /* Poppins-SemiBold.ttf */,
				FCD2F7B72D3F6F8A0085C39D /* Roboto-Medium.ttf */,
			);
			path = fonts;
			sourceTree = "<group>";
		};
		FCD2F7C72D3F75C60085C39D /* Utilities */ = {
			isa = PBXGroup;
			children = (
				FCD2F7C82D3F75D10085C39D /* CustomFont.swift */,
			);
			path = Utilities;
			sourceTree = "<group>";
		};
		FCD2F7CA2D3F7DF50085C39D /* Extensions */ = {
			isa = PBXGroup;
			children = (
				FCD2F7CB2D3F7E040085C39D /* Color+Extension.swift */,
			);
			path = Extensions;
			sourceTree = "<group>";
		};
		FCDC5E1A2D3BCDAC007061F2 = {
			isa = PBXGroup;
			children = (
				FCDC5E252D3BCDAC007061F2 /* Weather App */,
				FCDC5E382D3BCDAD007061F2 /* Weather AppTests */,
				FCDC5E422D3BCDAD007061F2 /* Weather AppUITests */,
				FCDC5E242D3BCDAC007061F2 /* Products */,
			);
			sourceTree = "<group>";
		};
		FCDC5E242D3BCDAC007061F2 /* Products */ = {
			isa = PBXGroup;
			children = (
				FCDC5E232D3BCDAC007061F2 /* Weather App.app */,
				FCDC5E352D3BCDAD007061F2 /* Weather AppTests.xctest */,
				FCDC5E3F2D3BCDAD007061F2 /* Weather AppUITests.xctest */,
			);
			name = Products;
			sourceTree = "<group>";
		};
		FCDC5E252D3BCDAC007061F2 /* Weather App */ = {
			isa = PBXGroup;
			children = (
				FCD2F7CA2D3F7DF50085C39D /* Extensions */,
				FCD2F7C72D3F75C60085C39D /* Utilities */,
				FCDF488E2D3D436900A70CAC /* Weather-App-Info.plist */,
				FCD2F7B82D3F6F8A0085C39D /* fonts */,
				FCDF48892D3D39B300A70CAC /* ViewModel */,
				FCDF48862D3D397100A70CAC /* Services */,
				FCDF48832D3D395300A70CAC /* Model */,
				FCDC5E262D3BCDAC007061F2 /* Weather_AppApp.swift */,
				FCDC5E282D3BCDAC007061F2 /* HomeView.swift */,
				FCDC5E522D3BE451007061F2 /* DetailView.swift */,
				FCDC5E2C2D3BCDAD007061F2 /* Assets.xcassets */,
				FCDC5E2E2D3BCDAD007061F2 /* Preview Content */,
			);
			path = "Weather App";
			sourceTree = "<group>";
		};
		FCDC5E2E2D3BCDAD007061F2 /* Preview Content */ = {
			isa = PBXGroup;
			children = (
				FCDC5E2F2D3BCDAD007061F2 /* Preview Assets.xcassets */,
			);
			path = "Preview Content";
			sourceTree = "<group>";
		};
		FCDC5E382D3BCDAD007061F2 /* Weather AppTests */ = {
			isa = PBXGroup;
			children = (
				FCDC5E392D3BCDAD007061F2 /* Weather_AppTests.swift */,
			);
			path = "Weather AppTests";
			sourceTree = "<group>";
		};
		FCDC5E422D3BCDAD007061F2 /* Weather AppUITests */ = {
			isa = PBXGroup;
			children = (
				FCDC5E432D3BCDAD007061F2 /* Weather_AppUITests.swift */,
				FCDC5E452D3BCDAD007061F2 /* Weather_AppUITestsLaunchTests.swift */,
			);
			path = "Weather AppUITests";
			sourceTree = "<group>";
		};
		FCDF48832D3D395300A70CAC /* Model */ = {
			isa = PBXGroup;
			children = (
				FCDF48842D3D395C00A70CAC /* Weather.swift */,
			);
			path = Model;
			sourceTree = "<group>";
		};
		FCDF48862D3D397100A70CAC /* Services */ = {
			isa = PBXGroup;
			children = (
				FCDF48872D3D397F00A70CAC /* WeatherService.swift */,
				FCDF488C2D3D39E500A70CAC /* StorageService.swift */,
			);
			path = Services;
			sourceTree = "<group>";
		};
		FCDF48892D3D39B300A70CAC /* ViewModel */ = {
			isa = PBXGroup;
			children = (
				FCDF488A2D3D39C400A70CAC /* WeatherViewModel.swift */,
			);
			path = ViewModel;
			sourceTree = "<group>";
		};
/* End PBXGroup section */

/* Begin PBXNativeTarget section */
		FCDC5E222D3BCDAC007061F2 /* Weather App */ = {
			isa = PBXNativeTarget;
			buildConfigurationList = FCDC5E492D3BCDAD007061F2 /* Build configuration list for PBXNativeTarget "Weather App" */;
			buildPhases = (
				FCDC5E1F2D3BCDAC007061F2 /* Sources */,
				FCDC5E202D3BCDAC007061F2 /* Frameworks */,
				FCDC5E212D3BCDAC007061F2 /* Resources */,
			);
			buildRules = (
			);
			dependencies = (
			);
			name = "Weather App";
			productName = "Weather App";
			productReference = FCDC5E232D3BCDAC007061F2 /* Weather App.app */;
			productType = "com.apple.product-type.application";
		};
		FCDC5E342D3BCDAD007061F2 /* Weather AppTests */ = {
			isa = PBXNativeTarget;
			buildConfigurationList = FCDC5E4C2D3BCDAD007061F2 /* Build configuration list for PBXNativeTarget "Weather AppTests" */;
			buildPhases = (
				FCDC5E312D3BCDAD007061F2 /* Sources */,
				FCDC5E322D3BCDAD007061F2 /* Frameworks */,
				FCDC5E332D3BCDAD007061F2 /* Resources */,
			);
			buildRules = (
			);
			dependencies = (
				FCDC5E372D3BCDAD007061F2 /* PBXTargetDependency */,
			);
			name = "Weather AppTests";
			productName = "Weather AppTests";
			productReference = FCDC5E352D3BCDAD007061F2 /* Weather AppTests.xctest */;
			productType = "com.apple.product-type.bundle.unit-test";
		};
		FCDC5E3E2D3BCDAD007061F2 /* Weather AppUITests */ = {
			isa = PBXNativeTarget;
			buildConfigurationList = FCDC5E4F2D3BCDAD007061F2 /* Build configuration list for PBXNativeTarget "Weather AppUITests" */;
			buildPhases = (
				FCDC5E3B2D3BCDAD007061F2 /* Sources */,
				FCDC5E3C2D3BCDAD007061F2 /* Frameworks */,
				FCDC5E3D2D3BCDAD007061F2 /* Resources */,
			);
			buildRules = (
			);
			dependencies = (
				FCDC5E412D3BCDAD007061F2 /* PBXTargetDependency */,
			);
			name = "Weather AppUITests";
			productName = "Weather AppUITests";
			productReference = FCDC5E3F2D3BCDAD007061F2 /* Weather AppUITests.xctest */;
			productType = "com.apple.product-type.bundle.ui-testing";
		};
/* End PBXNativeTarget section */

/* Begin PBXProject section */
		FCDC5E1B2D3BCDAC007061F2 /* Project object */ = {
			isa = PBXProject;
			attributes = {
				BuildIndependentTargetsInParallel = 1;
				LastSwiftUpdateCheck = 1540;
				LastUpgradeCheck = 1540;
				TargetAttributes = {
					FCDC5E222D3BCDAC007061F2 = {
						CreatedOnToolsVersion = 15.4;
					};
					FCDC5E342D3BCDAD007061F2 = {
						CreatedOnToolsVersion = 15.4;
						TestTargetID = FCDC5E222D3BCDAC007061F2;
					};
					FCDC5E3E2D3BCDAD007061F2 = {
						CreatedOnToolsVersion = 15.4;
						TestTargetID = FCDC5E222D3BCDAC007061F2;
					};
				};
			};
			buildConfigurationList = FCDC5E1E2D3BCDAC007061F2 /* Build configuration list for PBXProject "Weather App" */;
			compatibilityVersion = "Xcode 14.0";
			developmentRegion = en;
			hasScannedForEncodings = 0;
			knownRegions = (
				en,
				Base,
			);
			mainGroup = FCDC5E1A2D3BCDAC007061F2;
			productRefGroup = FCDC5E242D3BCDAC007061F2 /* Products */;
			projectDirPath = "";
			projectRoot = "";
			targets = (
				FCDC5E222D3BCDAC007061F2 /* Weather App */,
				FCDC5E342D3BCDAD007061F2 /* Weather AppTests */,
				FCDC5E3E2D3BCDAD007061F2 /* Weather AppUITests */,
			);
		};
/* End PBXProject section */

/* Begin PBXResourcesBuildPhase section */
		FCDC5E212D3BCDAC007061F2 /* Resources */ = {
			isa = PBXResourcesBuildPhase;
			buildActionMask = 2147483647;
			files = (
				FCD2F7BE2D3F6F8A0085C39D /* Poppins-ExtraLightItalic.ttf in Resources */,
				FCD2F7C02D3F6F8A0085C39D /* Poppins-Light.ttf in Resources */,
				FCD2F7C12D3F6F8A0085C39D /* Poppins-Medium.ttf in Resources */,
				FCD2F7C22D3F6F8A0085C39D /* Poppins-Regular.ttf in Resources */,
				FCD2F7C32D3F6F8A0085C39D /* Poppins-SemiBold.ttf in Resources */,
				FCD2F7B92D3F6F8A0085C39D /* Poppins-Black.ttf in Resources */,
				FCDC5E302D3BCDAD007061F2 /* Preview Assets.xcassets in Resources */,
				FCD2F7BF2D3F6F8A0085C39D /* Poppins-Italic.ttf in Resources */,
				FCDC5E2D2D3BCDAD007061F2 /* Assets.xcassets in Resources */,
				FCD2F7BA2D3F6F8A0085C39D /* Poppins-Bold.ttf in Resources */,
				FCD2F7C42D3F6F8A0085C39D /* Roboto-Medium.ttf in Resources */,
				FCD2F7BC2D3F6F8A0085C39D /* Poppins-ExtraBold.ttf in Resources */,
				FCD2F7BB2D3F6F8A0085C39D /* Poppins-BoldItalic.ttf in Resources */,
				FCD2F7BD2D3F6F8A0085C39D /* Poppins-ExtraLight.ttf in Resources */,
			);
			runOnlyForDeploymentPostprocessing = 0;
		};
		FCDC5E332D3BCDAD007061F2 /* Resources */ = {
			isa = PBXResourcesBuildPhase;
			buildActionMask = 2147483647;
			files = (
			);
			runOnlyForDeploymentPostprocessing = 0;
		};
		FCDC5E3D2D3BCDAD007061F2 /* Resources */ = {
			isa = PBXResourcesBuildPhase;
			buildActionMask = 2147483647;
			files = (
			);
			runOnlyForDeploymentPostprocessing = 0;
		};
/* End PBXResourcesBuildPhase section */

/* Begin PBXSourcesBuildPhase section */
		FCDC5E1F2D3BCDAC007061F2 /* Sources */ = {
			isa = PBXSourcesBuildPhase;
			buildActionMask = 2147483647;
			files = (
				FCD2F7C92D3F75D10085C39D /* CustomFont.swift in Sources */,
				FCD2F7CC2D3F7E040085C39D /* Color+Extension.swift in Sources */,
				FCDC5E292D3BCDAC007061F2 /* HomeView.swift in Sources */,
				FCDC5E532D3BE451007061F2 /* DetailView.swift in Sources */,
				FCDF488B2D3D39C400A70CAC /* WeatherViewModel.swift in Sources */,
				FCDC5E272D3BCDAC007061F2 /* Weather_AppApp.swift in Sources */,
				FCDF488D2D3D39E500A70CAC /* StorageService.swift in Sources */,
				FCDF48882D3D397F00A70CAC /* WeatherService.swift in Sources */,
				FCDF48852D3D395C00A70CAC /* Weather.swift in Sources */,
			);
			runOnlyForDeploymentPostprocessing = 0;
		};
		FCDC5E312D3BCDAD007061F2 /* Sources */ = {
			isa = PBXSourcesBuildPhase;
			buildActionMask = 2147483647;
			files = (
				FCDC5E3A2D3BCDAD007061F2 /* Weather_AppTests.swift in Sources */,
			);
			runOnlyForDeploymentPostprocessing = 0;
		};
		FCDC5E3B2D3BCDAD007061F2 /* Sources */ = {
			isa = PBXSourcesBuildPhase;
			buildActionMask = 2147483647;
			files = (
				FCDC5E442D3BCDAD007061F2 /* Weather_AppUITests.swift in Sources */,
				FCDC5E462D3BCDAD007061F2 /* Weather_AppUITestsLaunchTests.swift in Sources */,
			);
			runOnlyForDeploymentPostprocessing = 0;
		};
/* End PBXSourcesBuildPhase section */

/* Begin PBXTargetDependency section */
		FCDC5E372D3BCDAD007061F2 /* PBXTargetDependency */ = {
			isa = PBXTargetDependency;
			target = FCDC5E222D3BCDAC007061F2 /* Weather App */;
			targetProxy = FCDC5E362D3BCDAD007061F2 /* PBXContainerItemProxy */;
		};
		FCDC5E412D3BCDAD007061F2 /* PBXTargetDependency */ = {
			isa = PBXTargetDependency;
			target = FCDC5E222D3BCDAC007061F2 /* Weather App */;
			targetProxy = FCDC5E402D3BCDAD007061F2 /* PBXContainerItemProxy */;
		};
/* End PBXTargetDependency section */

/* Begin XCBuildConfiguration section */
		FCDC5E472D3BCDAD007061F2 /* Debug */ = {
			isa = XCBuildConfiguration;
			buildSettings = {
				ALWAYS_SEARCH_USER_PATHS = NO;
				ASSETCATALOG_COMPILER_GENERATE_SWIFT_ASSET_SYMBOL_EXTENSIONS = YES;
				CLANG_ANALYZER_NONNULL = YES;
				CLANG_ANALYZER_NUMBER_OBJECT_CONVERSION = YES_AGGRESSIVE;
				CLANG_CXX_LANGUAGE_STANDARD = "gnu++20";
				CLANG_ENABLE_MODULES = YES;
				CLANG_ENABLE_OBJC_ARC = YES;
				CLANG_ENABLE_OBJC_WEAK = YES;
				CLANG_WARN_BLOCK_CAPTURE_AUTORELEASING = YES;
				CLANG_WARN_BOOL_CONVERSION = YES;
				CLANG_WARN_COMMA = YES;
				CLANG_WARN_CONSTANT_CONVERSION = YES;
				CLANG_WARN_DEPRECATED_OBJC_IMPLEMENTATIONS = YES;
				CLANG_WARN_DIRECT_OBJC_ISA_USAGE = YES_ERROR;
				CLANG_WARN_DOCUMENTATION_COMMENTS = YES;
				CLANG_WARN_EMPTY_BODY = YES;
				CLANG_WARN_ENUM_CONVERSION = YES;
				CLANG_WARN_INFINITE_RECURSION = YES;
				CLANG_WARN_INT_CONVERSION = YES;
				CLANG_WARN_NON_LITERAL_NULL_CONVERSION = YES;
				CLANG_WARN_OBJC_IMPLICIT_RETAIN_SELF = YES;
				CLANG_WARN_OBJC_LITERAL_CONVERSION = YES;
				CLANG_WARN_OBJC_ROOT_CLASS = YES_ERROR;
				CLANG_WARN_QUOTED_INCLUDE_IN_FRAMEWORK_HEADER = YES;
				CLANG_WARN_RANGE_LOOP_ANALYSIS = YES;
				CLANG_WARN_STRICT_PROTOTYPES = YES;
				CLANG_WARN_SUSPICIOUS_MOVE = YES;
				CLANG_WARN_UNGUARDED_AVAILABILITY = YES_AGGRESSIVE;
				CLANG_WARN_UNREACHABLE_CODE = YES;
				CLANG_WARN__DUPLICATE_METHOD_MATCH = YES;
				COPY_PHASE_STRIP = NO;
				DEBUG_INFORMATION_FORMAT = dwarf;
				ENABLE_STRICT_OBJC_MSGSEND = YES;
				ENABLE_TESTABILITY = YES;
				ENABLE_USER_SCRIPT_SANDBOXING = YES;
				GCC_C_LANGUAGE_STANDARD = gnu17;
				GCC_DYNAMIC_NO_PIC = NO;
				GCC_NO_COMMON_BLOCKS = YES;
				GCC_OPTIMIZATION_LEVEL = 0;
				GCC_PREPROCESSOR_DEFINITIONS = (
					"DEBUG=1",
					"$(inherited)",
				);
				GCC_WARN_64_TO_32_BIT_CONVERSION = YES;
				GCC_WARN_ABOUT_RETURN_TYPE = YES_ERROR;
				GCC_WARN_UNDECLARED_SELECTOR = YES;
				GCC_WARN_UNINITIALIZED_AUTOS = YES_AGGRESSIVE;
				GCC_WARN_UNUSED_FUNCTION = YES;
				GCC_WARN_UNUSED_VARIABLE = YES;
				IPHONEOS_DEPLOYMENT_TARGET = 17.5;
				LOCALIZATION_PREFERS_STRING_CATALOGS = YES;
				MTL_ENABLE_DEBUG_INFO = INCLUDE_SOURCE;
				MTL_FAST_MATH = YES;
				ONLY_ACTIVE_ARCH = YES;
				SDKROOT = iphoneos;
				SWIFT_ACTIVE_COMPILATION_CONDITIONS = "DEBUG $(inherited)";
				SWIFT_OPTIMIZATION_LEVEL = "-Onone";
			};
			name = Debug;
		};
		FCDC5E482D3BCDAD007061F2 /* Release */ = {
			isa = XCBuildConfiguration;
			buildSettings = {
				ALWAYS_SEARCH_USER_PATHS = NO;
				ASSETCATALOG_COMPILER_GENERATE_SWIFT_ASSET_SYMBOL_EXTENSIONS = YES;
				CLANG_ANALYZER_NONNULL = YES;
				CLANG_ANALYZER_NUMBER_OBJECT_CONVERSION = YES_AGGRESSIVE;
				CLANG_CXX_LANGUAGE_STANDARD = "gnu++20";
				CLANG_ENABLE_MODULES = YES;
				CLANG_ENABLE_OBJC_ARC = YES;
				CLANG_ENABLE_OBJC_WEAK = YES;
				CLANG_WARN_BLOCK_CAPTURE_AUTORELEASING = YES;
				CLANG_WARN_BOOL_CONVERSION = YES;
				CLANG_WARN_COMMA = YES;
				CLANG_WARN_CONSTANT_CONVERSION = YES;
				CLANG_WARN_DEPRECATED_OBJC_IMPLEMENTATIONS = YES;
				CLANG_WARN_DIRECT_OBJC_ISA_USAGE = YES_ERROR;
				CLANG_WARN_DOCUMENTATION_COMMENTS = YES;
				CLANG_WARN_EMPTY_BODY = YES;
				CLANG_WARN_ENUM_CONVERSION = YES;
				CLANG_WARN_INFINITE_RECURSION = YES;
				CLANG_WARN_INT_CONVERSION = YES;
				CLANG_WARN_NON_LITERAL_NULL_CONVERSION = YES;
				CLANG_WARN_OBJC_IMPLICIT_RETAIN_SELF = YES;
				CLANG_WARN_OBJC_LITERAL_CONVERSION = YES;
				CLANG_WARN_OBJC_ROOT_CLASS = YES_ERROR;
				CLANG_WARN_QUOTED_INCLUDE_IN_FRAMEWORK_HEADER = YES;
				CLANG_WARN_RANGE_LOOP_ANALYSIS = YES;
				CLANG_WARN_STRICT_PROTOTYPES = YES;
				CLANG_WARN_SUSPICIOUS_MOVE = YES;
				CLANG_WARN_UNGUARDED_AVAILABILITY = YES_AGGRESSIVE;
				CLANG_WARN_UNREACHABLE_CODE = YES;
				CLANG_WARN__DUPLICATE_METHOD_MATCH = YES;
				COPY_PHASE_STRIP = NO;
				DEBUG_INFORMATION_FORMAT = "dwarf-with-dsym";
				ENABLE_NS_ASSERTIONS = NO;
				ENABLE_STRICT_OBJC_MSGSEND = YES;
				ENABLE_USER_SCRIPT_SANDBOXING = YES;
				GCC_C_LANGUAGE_STANDARD = gnu17;
				GCC_NO_COMMON_BLOCKS = YES;
				GCC_WARN_64_TO_32_BIT_CONVERSION = YES;
				GCC_WARN_ABOUT_RETURN_TYPE = YES_ERROR;
				GCC_WARN_UNDECLARED_SELECTOR = YES;
				GCC_WARN_UNINITIALIZED_AUTOS = YES_AGGRESSIVE;
				GCC_WARN_UNUSED_FUNCTION = YES;
				GCC_WARN_UNUSED_VARIABLE = YES;
				IPHONEOS_DEPLOYMENT_TARGET = 17.5;
				LOCALIZATION_PREFERS_STRING_CATALOGS = YES;
				MTL_ENABLE_DEBUG_INFO = NO;
				MTL_FAST_MATH = YES;
				SDKROOT = iphoneos;
				SWIFT_COMPILATION_MODE = wholemodule;
				VALIDATE_PRODUCT = YES;
			};
			name = Release;
		};
		FCDC5E4A2D3BCDAD007061F2 /* Debug */ = {
			isa = XCBuildConfiguration;
			buildSettings = {
				ASSETCATALOG_COMPILER_APPICON_NAME = AppIcon;
				ASSETCATALOG_COMPILER_GLOBAL_ACCENT_COLOR_NAME = AccentColor;
				CODE_SIGN_STYLE = Automatic;
				CURRENT_PROJECT_VERSION = 1;
				DEVELOPMENT_ASSET_PATHS = "\"Weather App/Preview Content\"";
				ENABLE_PREVIEWS = YES;
				GENERATE_INFOPLIST_FILE = YES;
				INFOPLIST_FILE = "Weather-App-Info.plist";
				INFOPLIST_KEY_UIApplicationSceneManifest_Generation = YES;
				INFOPLIST_KEY_UIApplicationSupportsIndirectInputEvents = YES;
				INFOPLIST_KEY_UILaunchScreen_Generation = YES;
				INFOPLIST_KEY_UISupportedInterfaceOrientations_iPad = "UIInterfaceOrientationPortrait UIInterfaceOrientationPortraitUpsideDown UIInterfaceOrientationLandscapeLeft UIInterfaceOrientationLandscapeRight";
				INFOPLIST_KEY_UISupportedInterfaceOrientations_iPhone = "UIInterfaceOrientationPortrait UIInterfaceOrientationLandscapeLeft UIInterfaceOrientationLandscapeRight";
				IPHONEOS_DEPLOYMENT_TARGET = 17.0;
				LD_RUNPATH_SEARCH_PATHS = (
					"$(inherited)",
					"@executable_path/Frameworks",
				);
				MARKETING_VERSION = 1.0;
				PRODUCT_BUNDLE_IDENTIFIER = "com.weatherapp.Weather-App";
				PRODUCT_NAME = "$(TARGET_NAME)";
				SWIFT_EMIT_LOC_STRINGS = YES;
				SWIFT_VERSION = 5.0;
				TARGETED_DEVICE_FAMILY = "1,2";
			};
			name = Debug;
		};
		FCDC5E4B2D3BCDAD007061F2 /* Release */ = {
			isa = XCBuildConfiguration;
			buildSettings = {
				ASSETCATALOG_COMPILER_APPICON_NAME = AppIcon;
				ASSETCATALOG_COMPILER_GLOBAL_ACCENT_COLOR_NAME = AccentColor;
				CODE_SIGN_STYLE = Automatic;
				CURRENT_PROJECT_VERSION = 1;
				DEVELOPMENT_ASSET_PATHS = "\"Weather App/Preview Content\"";
				ENABLE_PREVIEWS = YES;
				GENERATE_INFOPLIST_FILE = YES;
				INFOPLIST_FILE = "Weather-App-Info.plist";
				INFOPLIST_KEY_UIApplicationSceneManifest_Generation = YES;
				INFOPLIST_KEY_UIApplicationSupportsIndirectInputEvents = YES;
				INFOPLIST_KEY_UILaunchScreen_Generation = YES;
				INFOPLIST_KEY_UISupportedInterfaceOrientations_iPad = "UIInterfaceOrientationPortrait UIInterfaceOrientationPortraitUpsideDown UIInterfaceOrientationLandscapeLeft UIInterfaceOrientationLandscapeRight";
				INFOPLIST_KEY_UISupportedInterfaceOrientations_iPhone = "UIInterfaceOrientationPortrait UIInterfaceOrientationLandscapeLeft UIInterfaceOrientationLandscapeRight";
				IPHONEOS_DEPLOYMENT_TARGET = 17.0;
				LD_RUNPATH_SEARCH_PATHS = (
					"$(inherited)",
					"@executable_path/Frameworks",
				);
				MARKETING_VERSION = 1.0;
				PRODUCT_BUNDLE_IDENTIFIER = "com.weatherapp.Weather-App";
				PRODUCT_NAME = "$(TARGET_NAME)";
				SWIFT_EMIT_LOC_STRINGS = YES;
				SWIFT_VERSION = 5.0;
				TARGETED_DEVICE_FAMILY = "1,2";
			};
			name = Release;
		};
		FCDC5E4D2D3BCDAD007061F2 /* Debug */ = {
			isa = XCBuildConfiguration;
			buildSettings = {
				ALWAYS_EMBED_SWIFT_STANDARD_LIBRARIES = YES;
				BUNDLE_LOADER = "$(TEST_HOST)";
				CODE_SIGN_STYLE = Automatic;
				CURRENT_PROJECT_VERSION = 1;
				GENERATE_INFOPLIST_FILE = YES;
				IPHONEOS_DEPLOYMENT_TARGET = 17.5;
				MARKETING_VERSION = 1.0;
				PRODUCT_BUNDLE_IDENTIFIER = "com.weatherapp.Weather-AppTests";
				PRODUCT_NAME = "$(TARGET_NAME)";
				SWIFT_EMIT_LOC_STRINGS = NO;
				SWIFT_VERSION = 5.0;
				TARGETED_DEVICE_FAMILY = "1,2";
				TEST_HOST = "$(BUILT_PRODUCTS_DIR)/Weather App.app/$(BUNDLE_EXECUTABLE_FOLDER_PATH)/Weather App";
			};
			name = Debug;
		};
		FCDC5E4E2D3BCDAD007061F2 /* Release */ = {
			isa = XCBuildConfiguration;
			buildSettings = {
				ALWAYS_EMBED_SWIFT_STANDARD_LIBRARIES = YES;
				BUNDLE_LOADER = "$(TEST_HOST)";
				CODE_SIGN_STYLE = Automatic;
				CURRENT_PROJECT_VERSION = 1;
				GENERATE_INFOPLIST_FILE = YES;
				IPHONEOS_DEPLOYMENT_TARGET = 17.5;
				MARKETING_VERSION = 1.0;
				PRODUCT_BUNDLE_IDENTIFIER = "com.weatherapp.Weather-AppTests";
				PRODUCT_NAME = "$(TARGET_NAME)";
				SWIFT_EMIT_LOC_STRINGS = NO;
				SWIFT_VERSION = 5.0;
				TARGETED_DEVICE_FAMILY = "1,2";
				TEST_HOST = "$(BUILT_PRODUCTS_DIR)/Weather App.app/$(BUNDLE_EXECUTABLE_FOLDER_PATH)/Weather App";
			};
			name = Release;
		};
		FCDC5E502D3BCDAD007061F2 /* Debug */ = {
			isa = XCBuildConfiguration;
			buildSettings = {
				ALWAYS_EMBED_SWIFT_STANDARD_LIBRARIES = YES;
				CODE_SIGN_STYLE = Automatic;
				CURRENT_PROJECT_VERSION = 1;
				GENERATE_INFOPLIST_FILE = YES;
				MARKETING_VERSION = 1.0;
				PRODUCT_BUNDLE_IDENTIFIER = "com.weatherapp.Weather-AppUITests";
				PRODUCT_NAME = "$(TARGET_NAME)";
				SWIFT_EMIT_LOC_STRINGS = NO;
				SWIFT_VERSION = 5.0;
				TARGETED_DEVICE_FAMILY = "1,2";
				TEST_TARGET_NAME = "Weather App";
			};
			name = Debug;
		};
		FCDC5E512D3BCDAD007061F2 /* Release */ = {
			isa = XCBuildConfiguration;
			buildSettings = {
				ALWAYS_EMBED_SWIFT_STANDARD_LIBRARIES = YES;
				CODE_SIGN_STYLE = Automatic;
				CURRENT_PROJECT_VERSION = 1;
				GENERATE_INFOPLIST_FILE = YES;
				MARKETING_VERSION = 1.0;
				PRODUCT_BUNDLE_IDENTIFIER = "com.weatherapp.Weather-AppUITests";
				PRODUCT_NAME = "$(TARGET_NAME)";
				SWIFT_EMIT_LOC_STRINGS = NO;
				SWIFT_VERSION = 5.0;
				TARGETED_DEVICE_FAMILY = "1,2";
				TEST_TARGET_NAME = "Weather App";
			};
			name = Release;
		};
/* End XCBuildConfiguration section */

/* Begin XCConfigurationList section */
		FCDC5E1E2D3BCDAC007061F2 /* Build configuration list for PBXProject "Weather App" */ = {
			isa = XCConfigurationList;
			buildConfigurations = (
				FCDC5E472D3BCDAD007061F2 /* Debug */,
				FCDC5E482D3BCDAD007061F2 /* Release */,
			);
			defaultConfigurationIsVisible = 0;
			defaultConfigurationName = Release;
		};
		FCDC5E492D3BCDAD007061F2 /* Build configuration list for PBXNativeTarget "Weather App" */ = {
			isa = XCConfigurationList;
			buildConfigurations = (
				FCDC5E4A2D3BCDAD007061F2 /* Debug */,
				FCDC5E4B2D3BCDAD007061F2 /* Release */,
			);
			defaultConfigurationIsVisible = 0;
			defaultConfigurationName = Release;
		};
		FCDC5E4C2D3BCDAD007061F2 /* Build configuration list for PBXNativeTarget "Weather AppTests" */ = {
			isa = XCConfigurationList;
			buildConfigurations = (
				FCDC5E4D2D3BCDAD007061F2 /* Debug */,
				FCDC5E4E2D3BCDAD007061F2 /* Release */,
			);
			defaultConfigurationIsVisible = 0;
			defaultConfigurationName = Release;
		};
		FCDC5E4F2D3BCDAD007061F2 /* Build configuration list for PBXNativeTarget "Weather AppUITests" */ = {
			isa = XCConfigurationList;
			buildConfigurations = (
				FCDC5E502D3BCDAD007061F2 /* Debug */,
				FCDC5E512D3BCDAD007061F2 /* Release */,
			);
			defaultConfigurationIsVisible = 0;
			defaultConfigurationName = Release;
		};
/* End XCConfigurationList section */
	};
	rootObject = FCDC5E1B2D3BCDAC007061F2 /* Project object */;
}
